
Microsoft Visual Studio Solution File, Format Version 12.00
# Visual Studio Version 16
VisualStudioVersion = 16.0.31402.337
MinimumVisualStudioVersion = 10.0.40219.1
Project("{9A19103F-16F7-4668-BE54-9A1E7A4F7556}") = "Amadeus.Azure.Monitoring.Splunk.Integration", "Amadeus.Azure.Monitoring.Splunk.Integration\Amadeus.Azure.Monitoring.Splunk.Integration.csproj", "{3A26D717-02CF-47A3-84AD-046B1D7036E8}"
EndProject
Project("{9A19103F-16F7-4668-BE54-9A1E7A4F7556}") = "Amadeus.Azure.Monitoring.Splunk.Network", "Amadeus.Azure.Monitoring.Splunk.Network\Amadeus.Azure.Monitoring.Splunk.Network.csproj", "{E98B8CE6-79D9-48F6-8AA6-5B2CF911FA96}"
EndProject
Project("{FAE04EC0-301F-11D3-BF4B-00C04F79EFBC}") = "Amadeus.Azure.Monitoring.Splunk.Logs", "Amadeus.Azure.Monitoring.Splunk.Logs\Amadeus.Azure.Monitoring.Splunk.Logs.csproj", "{4360B432-3AF2-4811-A770-E9B98BF0CE74}"
EndProject
Project("{2150E333-8FDC-42A3-9474-1A3956D46DE8}") = "Solution Items", "Solution Items", "{0D486AE2-C679-48AA-88B7-5C300B6293A5}"
	ProjectSection(SolutionItems) = preProject
		.gitignore = .gitignore
	EndProjectSection
EndProject
Global
	GlobalSection(SolutionConfigurationPlatforms) = preSolution
		Debug|Any CPU = Debug|Any CPU
		Release|Any CPU = Release|Any CPU
	EndGlobalSection
	GlobalSection(ProjectConfigurationPlatforms) = postSolution
		{3A26D717-02CF-47A3-84AD-046B1D7036E8}.Debug|Any CPU.ActiveCfg = Debug|Any CPU
		{3A26D717-02CF-47A3-84AD-046B1D7036E8}.Debug|Any CPU.Build.0 = Debug|Any CPU
		{3A26D717-02CF-47A3-84AD-046B1D7036E8}.Release|Any CPU.ActiveCfg = Release|Any CPU
		{3A26D717-02CF-47A3-84AD-046B1D7036E8}.Release|Any CPU.Build.0 = Release|Any CPU
		{E98B8CE6-79D9-48F6-8AA6-5B2CF911FA96}.Debug|Any CPU.ActiveCfg = Debug|Any CPU
		{E98B8CE6-79D9-48F6-8AA6-5B2CF911FA96}.Debug|Any CPU.Build.0 = Debug|Any CPU
		{E98B8CE6-79D9-48F6-8AA6-5B2CF911FA96}.Release|Any CPU.ActiveCfg = Release|Any CPU
		{E98B8CE6-79D9-48F6-8AA6-5B2CF911FA96}.Release|Any CPU.Build.0 = Release|Any CPU
		{4360B432-3AF2-4811-A770-E9B98BF0CE74}.Debug|Any CPU.ActiveCfg = Debug|Any CPU
		{4360B432-3AF2-4811-A770-E9B98BF0CE74}.Debug|Any CPU.Build.0 = Debug|Any CPU
		{4360B432-3AF2-4811-A770-E9B98BF0CE74}.Release|Any CPU.ActiveCfg = Release|Any CPU
		{4360B432-3AF2-4811-A770-E9B98BF0CE74}.Release|Any CPU.Build.0 = Release|Any CPU
	EndGlobalSection
	GlobalSection(SolutionProperties) = preSolution
		HideSolutionNode = FALSE
	EndGlobalSection
	GlobalSection(ExtensibilityGlobals) = postSolution
		SolutionGuid = {FEE8C29A-30AD-48AA-A089-71227413D2F1}
	EndGlobalSection
EndGlobal
