
Microsoft Visual Studio Solution File, Format Version 12.00
# Visual Studio Version 16
VisualStudioVersion = 16.0.31402.337
MinimumVisualStudioVersion = 10.0.40219.1
Project("{9A19103F-16F7-4668-BE54-9A1E7A4F7556}") = "Amadeus.Azure.Monitoring.Splunk.Integration", "Amadeus.Azure.Monitoring.Splunk.Integration\Amadeus.Azure.Monitoring.Splunk.Integration.csproj", "{3A26D717-02CF-47A3-84AD-046B1D7036E8}"
EndProject
Project("{9A19103F-16F7-4668-BE54-9A1E7A4F7556}") = "Amadeus.Azure.Monitoring.Splunk.Network", "Amadeus.Azure.Monitoring.Splunk.Network\Amadeus.Azure.Monitoring.Splunk.Network.csproj", "{E98B8CE6-79D9-48F6-8AA6-5B2CF911FA96}"
EndProject
Global
	GlobalSection(SolutionConfigurationPlatforms) = preSolution
		Debug|Any CPU = Debug|Any CPU
		Release|Any CPU = Release|Any CPU
	EndGlobalSection
	GlobalSection(ProjectConfigurationPlatforms) = postSolution
		{3A26D717-02CF-47A3-84AD-046B1D7036E8}.Debug|Any CPU.ActiveCfg = Debug|Any CPU
		{3A26D717-02CF-47A3-84AD-046B1D7036E8}.Debug|Any CPU.Build.0 = Debug|Any CPU
		{3A26D717-02CF-47A3-84AD-046B1D7036E8}.Release|Any CPU.ActiveCfg = Release|Any CPU
		{3A26D717-02CF-47A3-84AD-046B1D7036E8}.Release|Any CPU.Build.0 = Release|Any CPU
		{E98B8CE6-79D9-48F6-8AA6-5B2CF911FA96}.Debug|Any CPU.ActiveCfg = Debug|Any CPU
		{E98B8CE6-79D9-48F6-8AA6-5B2CF911FA96}.Debug|Any CPU.Build.0 = Debug|Any CPU
		{E98B8CE6-79D9-48F6-8AA6-5B2CF911FA96}.Release|Any CPU.ActiveCfg = Release|Any CPU
		{E98B8CE6-79D9-48F6-8AA6-5B2CF911FA96}.Release|Any CPU.Build.0 = Release|Any CPU
	EndGlobalSection
	GlobalSection(SolutionProperties) = preSolution
		HideSolutionNode = FALSE
	EndGlobalSection
	GlobalSection(ExtensibilityGlobals) = postSolution
		SolutionGuid = {FEE8C29A-30AD-48AA-A089-71227413D2F1}
	EndGlobalSection
EndGlobal
